
Microsoft Visual Studio Solution File, Format Version 12.00
# Visual Studio Version 17
VisualStudioVersion = 17.3.32929.385
MinimumVisualStudioVersion = 10.0.40219.1
Project("{9A19103F-16F7-4668-BE54-9A1E7A4F7556}") = "Web Scraping", "Web Scraping\Web Scraping.csproj", "{E50AACAD-FDE5-4B72-8E0C-2146F02FC8D1}"
EndProject
Project("{9A19103F-16F7-4668-BE54-9A1E7A4F7556}") = "WebDriverLib", "WebDriverLib\WebDriverLib.csproj", "{38142E48-B221-4B99-8B84-B98A6FBEA436}"
EndProject
Project("{9A19103F-16F7-4668-BE54-9A1E7A4F7556}") = "Facebook Signup", "Facebook Signup\Facebook Signup.csproj", "{1BE970C6-BD8D-4D7C-997A-0B5F104C7212}"
EndProject
Global
	GlobalSection(SolutionConfigurationPlatforms) = preSolution
		Debug|Any CPU = Debug|Any CPU
		Release|Any CPU = Release|Any CPU
	EndGlobalSection
	GlobalSection(ProjectConfigurationPlatforms) = postSolution
		{E50AACAD-FDE5-4B72-8E0C-2146F02FC8D1}.Debug|Any CPU.ActiveCfg = Debug|Any CPU
		{E50AACAD-FDE5-4B72-8E0C-2146F02FC8D1}.Debug|Any CPU.Build.0 = Debug|Any CPU
		{E50AACAD-FDE5-4B72-8E0C-2146F02FC8D1}.Release|Any CPU.ActiveCfg = Release|Any CPU
		{E50AACAD-FDE5-4B72-8E0C-2146F02FC8D1}.Release|Any CPU.Build.0 = Release|Any CPU
		{38142E48-B221-4B99-8B84-B98A6FBEA436}.Debug|Any CPU.ActiveCfg = Debug|Any CPU
		{38142E48-B221-4B99-8B84-B98A6FBEA436}.Debug|Any CPU.Build.0 = Debug|Any CPU
		{38142E48-B221-4B99-8B84-B98A6FBEA436}.Release|Any CPU.ActiveCfg = Release|Any CPU
		{38142E48-B221-4B99-8B84-B98A6FBEA436}.Release|Any CPU.Build.0 = Release|Any CPU
		{1BE970C6-BD8D-4D7C-997A-0B5F104C7212}.Debug|Any CPU.ActiveCfg = Debug|Any CPU
		{1BE970C6-BD8D-4D7C-997A-0B5F104C7212}.Debug|Any CPU.Build.0 = Debug|Any CPU
		{1BE970C6-BD8D-4D7C-997A-0B5F104C7212}.Release|Any CPU.ActiveCfg = Release|Any CPU
		{1BE970C6-BD8D-4D7C-997A-0B5F104C7212}.Release|Any CPU.Build.0 = Release|Any CPU
	EndGlobalSection
	GlobalSection(SolutionProperties) = preSolution
		HideSolutionNode = FALSE
	EndGlobalSection
	GlobalSection(ExtensibilityGlobals) = postSolution
		SolutionGuid = {210E6DCE-D3C3-4388-BFEB-84AB3282F075}
	EndGlobalSection
EndGlobal
